
Microsoft Visual Studio Solution File, Format Version 12.00
# Visual Studio 15
Project("{FAE04EC0-301F-11D3-BF4B-00C04F79EFBC}") = "Assembly-CSharp", "Assembly-CSharp.csproj", "{BCBB8F89-B8E1-711A-3F8A-7B2DC8DB709E}"
EndProject
Project("{FAE04EC0-301F-11D3-BF4B-00C04F79EFBC}") = "Assembly-CSharp-Editor", "Assembly-CSharp-Editor.csproj", "{1D838E3F-C47A-5865-A541-5C617CD2D3F1}"
EndProject
Global
	GlobalSection(SolutionConfigurationPlatforms) = preSolution
		Debug|Any CPU = Debug|Any CPU
		Release|Any CPU = Release|Any CPU
	EndGlobalSection
	GlobalSection(ProjectConfigurationPlatforms) = postSolution
		{BCBB8F89-B8E1-711A-3F8A-7B2DC8DB709E}.Debug|Any CPU.ActiveCfg = Debug|Any CPU
		{BCBB8F89-B8E1-711A-3F8A-7B2DC8DB709E}.Debug|Any CPU.Build.0 = Debug|Any CPU
		{BCBB8F89-B8E1-711A-3F8A-7B2DC8DB709E}.Release|Any CPU.ActiveCfg = Release|Any CPU
		{BCBB8F89-B8E1-711A-3F8A-7B2DC8DB709E}.Release|Any CPU.Build.0 = Release|Any CPU
		{1D838E3F-C47A-5865-A541-5C617CD2D3F1}.Debug|Any CPU.ActiveCfg = Debug|Any CPU
		{1D838E3F-C47A-5865-A541-5C617CD2D3F1}.Debug|Any CPU.Build.0 = Debug|Any CPU
		{1D838E3F-C47A-5865-A541-5C617CD2D3F1}.Release|Any CPU.ActiveCfg = Release|Any CPU
		{1D838E3F-C47A-5865-A541-5C617CD2D3F1}.Release|Any CPU.Build.0 = Release|Any CPU
	EndGlobalSection
	GlobalSection(SolutionProperties) = preSolution
		HideSolutionNode = FALSE
	EndGlobalSection
EndGlobal
